# THIS IS AN AUTOGENERATED FILE. DO NOT EDIT THIS FILE DIRECTLY.
# yarn lockfile v1


"@babel/runtime@^7.12.1":
  version "7.12.5"
  resolved "https://registry.yarnpkg.com/@babel/runtime/-/runtime-7.12.5.tgz#410e7e487441e1b360c29be715d870d9b985882e"
  integrity sha512-plcc+hbExy3McchJCEQG3knOsuh3HH+Prx1P6cLIkET/0dLuQDEnrT+s27Axgc9bqfsmNUNHfscgMUdBpC9xfg==
  dependencies:
    regenerator-runtime "^0.13.4"

automation-events@^3.0.2:
  version "3.0.2"
  resolved "https://registry.yarnpkg.com/automation-events/-/automation-events-3.0.2.tgz#157726fd899d82665667a8b07d61dd8297768413"
  integrity sha512-dlhjhSK/EF2aNjBtR/s41rbKsDSCT1sRreO8g6D39+bgY/rk+mmLX3Bhned4Q3ljT79T4T+ydsSOXT5zIt1aqw==
  dependencies:
    "@babel/runtime" "^7.12.1"
    tslib "^2.0.3"

regenerator-runtime@^0.13.4:
  version "0.13.7"
  resolved "https://registry.yarnpkg.com/regenerator-runtime/-/regenerator-runtime-0.13.7.tgz#cac2dacc8a1ea675feaabaeb8ae833898ae46f55"
  integrity sha512-a54FxoJDIr27pgf7IgeQGxmqUNYrcV338lf/6gH456HZ/PhX+5BcwHXG9ajESmwe6WRO0tAzRUrRmNONWgkrew==

standardized-audio-context@^25.0.4:
  version "25.1.5"
  resolved "https://registry.yarnpkg.com/standardized-audio-context/-/standardized-audio-context-25.1.5.tgz#e138d2d934efea24da573329cfa8ff92152f5c27"
  integrity sha512-cEV4DlBl5WRRVLfMhrY5f0njjdJSxP6fPeudj9q6+DFDHyRyKstDjrNn+xTDtAbh/gK1Z2KwDYp3ztH1eljbfw==
  dependencies:
    "@babel/runtime" "^7.12.1"
    automation-events "^3.0.2"
    tslib "^2.0.3"

tone@^14.7.58:
  version "14.7.58"
  resolved "https://registry.yarnpkg.com/tone/-/tone-14.7.58.tgz#c1a31597184115aedf44ea6310a30efe902645e7"
  integrity sha512-OzXsCkmaU/tLcNBc4M4dzHAjBzUGm+29DbWmAkAcCvpzWkLqo61RTcJa8tmS63F/7JHPiAJEOpuInMXw3mCvIg==
  dependencies:
    standardized-audio-context "^25.0.4"
    tslib "^2.0.1"

tslib@^2.0.1, tslib@^2.0.3:
  version "2.0.3"
  resolved "https://registry.yarnpkg.com/tslib/-/tslib-2.0.3.tgz#8e0741ac45fc0c226e58a17bfc3e64b9bc6ca61c"
  integrity sha512-uZtkfKblCEQtZKBF6EBXVZeQNl82yqtDQdv+eck8u7tdPxjLu2/lp5/uPW+um2tpuxINHWy3GhiccY7QgEaVHQ==
